
Microsoft Visual Studio Solution File, Format Version 12.00
# Visual Studio Version 17
VisualStudioVersion = 17.5.33530.505
MinimumVisualStudioVersion = 10.0.40219.1
Project("{FAE04EC0-301F-11D3-BF4B-00C04F79EFBC}") = "DocBrown.App.Server", "DocBrown.App\Server\DocBrown.App.Server.csproj", "{2AAA7BFC-8EA7-40FD-9D56-4E28A4D8331F}"
EndProject
Project("{FAE04EC0-301F-11D3-BF4B-00C04F79EFBC}") = "DocBrown.App.Client", "DocBrown.App\Client\DocBrown.App.Client.csproj", "{67DB3885-9F7C-4684-A8C7-EB5F476CBCA8}"
EndProject
Project("{FAE04EC0-301F-11D3-BF4B-00C04F79EFBC}") = "DocBrown.App.Shared", "DocBrown.App\Shared\DocBrown.App.Shared.csproj", "{AA8E4672-737D-44CE-A6EE-1DA2FEB0E8B2}"
EndProject
Project("{2150E333-8FDC-42A3-9474-1A3956D46DE8}") = "Domain", "Domain", "{BF84E42C-FFE5-4936-8C37-24A1C93E7598}"
EndProject
Project("{FAE04EC0-301F-11D3-BF4B-00C04F79EFBC}") = "DocBrown.Domain", "DocBrown.Domain\DocBrown.Domain.csproj", "{8AD11B6C-E6F7-407F-8587-C1BFCA83E4FF}"
EndProject
Project("{2150E333-8FDC-42A3-9474-1A3956D46DE8}") = "App", "App", "{49A02467-084F-4053-A1BF-A7BCE980C565}"
EndProject
Project("{E53339B2-1760-4266-BCC7-CA923CBCF16C}") = "docker-compose", "docker-compose.dcproj", "{0B766B30-8F6A-4B73-AEA5-E83D5E81BACF}"
EndProject
Project("{FAE04EC0-301F-11D3-BF4B-00C04F79EFBC}") = "DocBrown.Forecaster.API", "DocBrown.Forecaster.API\DocBrown.Forecaster.API.csproj", "{022CAB62-D870-4C42-82E5-BC9A2D7D7CF0}"
EndProject
Project("{2150E333-8FDC-42A3-9474-1A3956D46DE8}") = "src", "src", "{133EE80B-8717-4065-8EB5-EF52E2CA4E60}"
EndProject
Project("{FAE04EC0-301F-11D3-BF4B-00C04F79EFBC}") = "DocBrown.Infra", "DocBrown.Infra\DocBrown.Infra.csproj", "{25A9D769-0D67-4BB6-856E-6330ABE987D9}"
EndProject
Project("{2150E333-8FDC-42A3-9474-1A3956D46DE8}") = "Infra", "Infra", "{65FD83A5-82B9-4B44-BEBB-581F5E7DFCD6}"
EndProject
Project("{2150E333-8FDC-42A3-9474-1A3956D46DE8}") = "Services", "Services", "{C4C6BA76-BD6A-4F70-AF80-5ECDFB05DAF1}"
EndProject
Project("{FAE04EC0-301F-11D3-BF4B-00C04F79EFBC}") = "DocBrown.Service.DataLoader", "DocBrown.Service.DataLoader\DocBrown.Service.DataLoader.csproj", "{BD7692F9-85E2-49C1-A532-59E1FDD55652}"
EndProject
Project("{2150E333-8FDC-42A3-9474-1A3956D46DE8}") = "dapr", "dapr", "{15421C27-5CFA-40DF-8EF8-01D90AB2C027}"
EndProject
Project("{2150E333-8FDC-42A3-9474-1A3956D46DE8}") = "configurations", "configurations", "{B4CC4406-7DEB-46FE-B766-89A90FED3E24}"
	ProjectSection(SolutionItems) = preProject
		dapr\configuration\docbrown-config.yaml = dapr\configuration\docbrown-config.yaml
	EndProjectSection
EndProject
Project("{2150E333-8FDC-42A3-9474-1A3956D46DE8}") = "components", "components", "{F6A6CE76-DC15-45C6-91F1-2D1B2AECC64F}"
	ProjectSection(SolutionItems) = preProject
		dapr\components\pubsub.yaml = dapr\components\pubsub.yaml
		dapr\components\redis-state.yaml = dapr\components\redis-state.yaml
		dapr\components\secrets.json = dapr\components\secrets.json
		dapr\components\secretstore.yaml = dapr\components\secretstore.yaml
	EndProjectSection
EndProject
Project("{FAE04EC0-301F-11D3-BF4B-00C04F79EFBC}") = "DocBrown.Basket.Purchase", "DocBrown.Basket.Purchase\DocBrown.Basket.Purchase.csproj", "{4B03C0C6-1A65-4750-94D6-726673F4AA44}"
EndProject
Global
	GlobalSection(SolutionConfigurationPlatforms) = preSolution
		Debug|Any CPU = Debug|Any CPU
		Release|Any CPU = Release|Any CPU
	EndGlobalSection
	GlobalSection(ProjectConfigurationPlatforms) = postSolution
		{2AAA7BFC-8EA7-40FD-9D56-4E28A4D8331F}.Debug|Any CPU.ActiveCfg = Debug|Any CPU
		{2AAA7BFC-8EA7-40FD-9D56-4E28A4D8331F}.Debug|Any CPU.Build.0 = Debug|Any CPU
		{2AAA7BFC-8EA7-40FD-9D56-4E28A4D8331F}.Release|Any CPU.ActiveCfg = Release|Any CPU
		{2AAA7BFC-8EA7-40FD-9D56-4E28A4D8331F}.Release|Any CPU.Build.0 = Release|Any CPU
		{67DB3885-9F7C-4684-A8C7-EB5F476CBCA8}.Debug|Any CPU.ActiveCfg = Debug|Any CPU
		{67DB3885-9F7C-4684-A8C7-EB5F476CBCA8}.Debug|Any CPU.Build.0 = Debug|Any CPU
		{67DB3885-9F7C-4684-A8C7-EB5F476CBCA8}.Release|Any CPU.ActiveCfg = Release|Any CPU
		{67DB3885-9F7C-4684-A8C7-EB5F476CBCA8}.Release|Any CPU.Build.0 = Release|Any CPU
		{AA8E4672-737D-44CE-A6EE-1DA2FEB0E8B2}.Debug|Any CPU.ActiveCfg = Debug|Any CPU
		{AA8E4672-737D-44CE-A6EE-1DA2FEB0E8B2}.Debug|Any CPU.Build.0 = Debug|Any CPU
		{AA8E4672-737D-44CE-A6EE-1DA2FEB0E8B2}.Release|Any CPU.ActiveCfg = Release|Any CPU
		{AA8E4672-737D-44CE-A6EE-1DA2FEB0E8B2}.Release|Any CPU.Build.0 = Release|Any CPU
		{8AD11B6C-E6F7-407F-8587-C1BFCA83E4FF}.Debug|Any CPU.ActiveCfg = Debug|Any CPU
		{8AD11B6C-E6F7-407F-8587-C1BFCA83E4FF}.Debug|Any CPU.Build.0 = Debug|Any CPU
		{8AD11B6C-E6F7-407F-8587-C1BFCA83E4FF}.Release|Any CPU.ActiveCfg = Release|Any CPU
		{8AD11B6C-E6F7-407F-8587-C1BFCA83E4FF}.Release|Any CPU.Build.0 = Release|Any CPU
		{0B766B30-8F6A-4B73-AEA5-E83D5E81BACF}.Debug|Any CPU.ActiveCfg = Debug|Any CPU
		{0B766B30-8F6A-4B73-AEA5-E83D5E81BACF}.Debug|Any CPU.Build.0 = Debug|Any CPU
		{0B766B30-8F6A-4B73-AEA5-E83D5E81BACF}.Release|Any CPU.ActiveCfg = Release|Any CPU
		{0B766B30-8F6A-4B73-AEA5-E83D5E81BACF}.Release|Any CPU.Build.0 = Release|Any CPU
		{022CAB62-D870-4C42-82E5-BC9A2D7D7CF0}.Debug|Any CPU.ActiveCfg = Debug|Any CPU
		{022CAB62-D870-4C42-82E5-BC9A2D7D7CF0}.Debug|Any CPU.Build.0 = Debug|Any CPU
		{022CAB62-D870-4C42-82E5-BC9A2D7D7CF0}.Release|Any CPU.ActiveCfg = Release|Any CPU
		{022CAB62-D870-4C42-82E5-BC9A2D7D7CF0}.Release|Any CPU.Build.0 = Release|Any CPU
		{25A9D769-0D67-4BB6-856E-6330ABE987D9}.Debug|Any CPU.ActiveCfg = Debug|Any CPU
		{25A9D769-0D67-4BB6-856E-6330ABE987D9}.Debug|Any CPU.Build.0 = Debug|Any CPU
		{25A9D769-0D67-4BB6-856E-6330ABE987D9}.Release|Any CPU.ActiveCfg = Release|Any CPU
		{25A9D769-0D67-4BB6-856E-6330ABE987D9}.Release|Any CPU.Build.0 = Release|Any CPU
		{BD7692F9-85E2-49C1-A532-59E1FDD55652}.Debug|Any CPU.ActiveCfg = Debug|Any CPU
		{BD7692F9-85E2-49C1-A532-59E1FDD55652}.Debug|Any CPU.Build.0 = Debug|Any CPU
		{BD7692F9-85E2-49C1-A532-59E1FDD55652}.Release|Any CPU.ActiveCfg = Release|Any CPU
		{BD7692F9-85E2-49C1-A532-59E1FDD55652}.Release|Any CPU.Build.0 = Release|Any CPU
		{4B03C0C6-1A65-4750-94D6-726673F4AA44}.Debug|Any CPU.ActiveCfg = Debug|Any CPU
		{4B03C0C6-1A65-4750-94D6-726673F4AA44}.Debug|Any CPU.Build.0 = Debug|Any CPU
		{4B03C0C6-1A65-4750-94D6-726673F4AA44}.Release|Any CPU.ActiveCfg = Release|Any CPU
		{4B03C0C6-1A65-4750-94D6-726673F4AA44}.Release|Any CPU.Build.0 = Release|Any CPU
	EndGlobalSection
	GlobalSection(SolutionProperties) = preSolution
		HideSolutionNode = FALSE
	EndGlobalSection
	GlobalSection(NestedProjects) = preSolution
		{2AAA7BFC-8EA7-40FD-9D56-4E28A4D8331F} = {49A02467-084F-4053-A1BF-A7BCE980C565}
		{67DB3885-9F7C-4684-A8C7-EB5F476CBCA8} = {49A02467-084F-4053-A1BF-A7BCE980C565}
		{AA8E4672-737D-44CE-A6EE-1DA2FEB0E8B2} = {49A02467-084F-4053-A1BF-A7BCE980C565}
		{BF84E42C-FFE5-4936-8C37-24A1C93E7598} = {133EE80B-8717-4065-8EB5-EF52E2CA4E60}
		{8AD11B6C-E6F7-407F-8587-C1BFCA83E4FF} = {BF84E42C-FFE5-4936-8C37-24A1C93E7598}
		{49A02467-084F-4053-A1BF-A7BCE980C565} = {133EE80B-8717-4065-8EB5-EF52E2CA4E60}
		{022CAB62-D870-4C42-82E5-BC9A2D7D7CF0} = {C4C6BA76-BD6A-4F70-AF80-5ECDFB05DAF1}
		{25A9D769-0D67-4BB6-856E-6330ABE987D9} = {65FD83A5-82B9-4B44-BEBB-581F5E7DFCD6}
		{65FD83A5-82B9-4B44-BEBB-581F5E7DFCD6} = {133EE80B-8717-4065-8EB5-EF52E2CA4E60}
		{C4C6BA76-BD6A-4F70-AF80-5ECDFB05DAF1} = {133EE80B-8717-4065-8EB5-EF52E2CA4E60}
		{BD7692F9-85E2-49C1-A532-59E1FDD55652} = {C4C6BA76-BD6A-4F70-AF80-5ECDFB05DAF1}
		{B4CC4406-7DEB-46FE-B766-89A90FED3E24} = {15421C27-5CFA-40DF-8EF8-01D90AB2C027}
		{F6A6CE76-DC15-45C6-91F1-2D1B2AECC64F} = {15421C27-5CFA-40DF-8EF8-01D90AB2C027}
		{4B03C0C6-1A65-4750-94D6-726673F4AA44} = {C4C6BA76-BD6A-4F70-AF80-5ECDFB05DAF1}
	EndGlobalSection
	GlobalSection(ExtensibilityGlobals) = postSolution
		SolutionGuid = {F3356BB4-45A6-49C2-AAAC-5B8A4C6C9431}
	EndGlobalSection
EndGlobal
